
Microsoft Visual Studio Solution File, Format Version 12.00
# Visual Studio 15
VisualStudioVersion = 15.0.27004.2009
MinimumVisualStudioVersion = 10.0.40219.1
Project("{FAE04EC0-301F-11D3-BF4B-00C04F79EFBC}") = "JewishCalendarUWP", "JewishCalendarUWP\JewishCalendarUWP.csproj", "{55F3E22A-2D45-4DD6-B945-6037151BB915}"
EndProject
Global
	GlobalSection(SolutionConfigurationPlatforms) = preSolution
		Debug|Any CPU = Debug|Any CPU
		Release|Any CPU = Release|Any CPU
	EndGlobalSection
	GlobalSection(ProjectConfigurationPlatforms) = postSolution
		{55F3E22A-2D45-4DD6-B945-6037151BB915}.Debug|Any CPU.ActiveCfg = Debug|Any CPU
		{55F3E22A-2D45-4DD6-B945-6037151BB915}.Debug|Any CPU.Build.0 = Debug|Any CPU
		{55F3E22A-2D45-4DD6-B945-6037151BB915}.Release|Any CPU.ActiveCfg = Release|Any CPU
		{55F3E22A-2D45-4DD6-B945-6037151BB915}.Release|Any CPU.Build.0 = Release|Any CPU
	EndGlobalSection
	GlobalSection(SolutionProperties) = preSolution
		HideSolutionNode = FALSE
	EndGlobalSection
	GlobalSection(ExtensibilityGlobals) = postSolution
		SolutionGuid = {1A49838F-8F03-4827-ABB3-20874EDD027E}
	EndGlobalSection
EndGlobal
